// !$*UTF8*$!
{
	archiveVersion = 1;
	classes = {
	};
	objectVersion = 46;
	objects = {

/* Begin PBXBuildFile section */
		4B56E8EB17615C3500FE99A8 /* BVTemperatureTextField.m in Sources */ = {isa = PBXBuildFile; fileRef = 4B56E8EA17615C3500FE99A8 /* BVTemperatureTextField.m */; };
		4B56E8EE1767D9A800FE99A8 /* BVPrimingSugarViewController.m in Sources */ = {isa = PBXBuildFile; fileRef = 4B56E8ED1767D9A800FE99A8 /* BVPrimingSugarViewController.m */; };
		4B56E8F01767F24300FE99A8 /* Social.framework in Frameworks */ = {isa = PBXBuildFile; fileRef = 4B56E8EF1767F24300FE99A8 /* Social.framework */; };
		4BB9789F17614C6100D1D1E9 /* BVGravityTextField.m in Sources */ = {isa = PBXBuildFile; fileRef = 4BB9789E17614C6100D1D1E9 /* BVGravityTextField.m */; };
		C901A122175EAA7D0080D99D /* UIKit.framework in Frameworks */ = {isa = PBXBuildFile; fileRef = C901A121175EAA7D0080D99D /* UIKit.framework */; };
		C901A124175EAA7D0080D99D /* Foundation.framework in Frameworks */ = {isa = PBXBuildFile; fileRef = C901A123175EAA7D0080D99D /* Foundation.framework */; };
		C901A126175EAA7D0080D99D /* CoreGraphics.framework in Frameworks */ = {isa = PBXBuildFile; fileRef = C901A125175EAA7D0080D99D /* CoreGraphics.framework */; };
		C901A12C175EAA7D0080D99D /* InfoPlist.strings in Resources */ = {isa = PBXBuildFile; fileRef = C901A12A175EAA7D0080D99D /* InfoPlist.strings */; };
		C901A12E175EAA7D0080D99D /* main.m in Sources */ = {isa = PBXBuildFile; fileRef = C901A12D175EAA7D0080D99D /* main.m */; };
		C901A132175EAA7D0080D99D /* BVAppDelegate.m in Sources */ = {isa = PBXBuildFile; fileRef = C901A131175EAA7D0080D99D /* BVAppDelegate.m */; };
		C901A134175EAA7D0080D99D /* Default.png in Resources */ = {isa = PBXBuildFile; fileRef = C901A133175EAA7D0080D99D /* Default.png */; };
		C901A136175EAA7D0080D99D /* Default@2x.png in Resources */ = {isa = PBXBuildFile; fileRef = C901A135175EAA7D0080D99D /* Default@2x.png */; };
		C901A138175EAA7D0080D99D /* Default-568h@2x.png in Resources */ = {isa = PBXBuildFile; fileRef = C901A137175EAA7D0080D99D /* Default-568h@2x.png */; };
		C901A13B175EAA7D0080D99D /* MainStoryboard.storyboard in Resources */ = {isa = PBXBuildFile; fileRef = C901A139175EAA7D0080D99D /* MainStoryboard.storyboard */; };
		C901A13E175EAA7D0080D99D /* BVSpecificGravityController.m in Sources */ = {isa = PBXBuildFile; fileRef = C901A13D175EAA7D0080D99D /* BVSpecificGravityController.m */; };
		C901A140175EAA7D0080D99D /* first.png in Resources */ = {isa = PBXBuildFile; fileRef = C901A13F175EAA7D0080D99D /* first.png */; };
		C901A142175EAA7D0080D99D /* first@2x.png in Resources */ = {isa = PBXBuildFile; fileRef = C901A141175EAA7D0080D99D /* first@2x.png */; };
		C901A145175EAA7D0080D99D /* BVAbvController.m in Sources */ = {isa = PBXBuildFile; fileRef = C901A144175EAA7D0080D99D /* BVAbvController.m */; };
		C901A147175EAA7D0080D99D /* second.png in Resources */ = {isa = PBXBuildFile; fileRef = C901A146175EAA7D0080D99D /* second.png */; };
		C901A149175EAA7D0080D99D /* second@2x.png in Resources */ = {isa = PBXBuildFile; fileRef = C901A148175EAA7D0080D99D /* second@2x.png */; };
/* End PBXBuildFile section */

/* Begin PBXFileReference section */
		4B56E8E917615C3500FE99A8 /* BVTemperatureTextField.h */ = {isa = PBXFileReference; fileEncoding = 4; lastKnownFileType = sourcecode.c.h; name = BVTemperatureTextField.h; path = ../BVTemperatureTextField.h; sourceTree = "<group>"; };
		4B56E8EA17615C3500FE99A8 /* BVTemperatureTextField.m */ = {isa = PBXFileReference; fileEncoding = 4; lastKnownFileType = sourcecode.c.objc; name = BVTemperatureTextField.m; path = ../BVTemperatureTextField.m; sourceTree = "<group>"; };
		4B56E8EC1767D9A800FE99A8 /* BVPrimingSugarViewController.h */ = {isa = PBXFileReference; fileEncoding = 4; lastKnownFileType = sourcecode.c.h; path = BVPrimingSugarViewController.h; sourceTree = "<group>"; };
		4B56E8ED1767D9A800FE99A8 /* BVPrimingSugarViewController.m */ = {isa = PBXFileReference; fileEncoding = 4; lastKnownFileType = sourcecode.c.objc; path = BVPrimingSugarViewController.m; sourceTree = "<group>"; };
		4B56E8EF1767F24300FE99A8 /* Social.framework */ = {isa = PBXFileReference; lastKnownFileType = wrapper.framework; name = Social.framework; path = System/Library/Frameworks/Social.framework; sourceTree = SDKROOT; };
		4BB9789D17614C6100D1D1E9 /* BVGravityTextField.h */ = {isa = PBXFileReference; fileEncoding = 4; lastKnownFileType = sourcecode.c.h; path = BVGravityTextField.h; sourceTree = "<group>"; };
		4BB9789E17614C6100D1D1E9 /* BVGravityTextField.m */ = {isa = PBXFileReference; fileEncoding = 4; lastKnownFileType = sourcecode.c.objc; path = BVGravityTextField.m; sourceTree = "<group>"; };
		C901A11E175EAA7D0080D99D /* homebrewcalc.app */ = {isa = PBXFileReference; explicitFileType = wrapper.application; includeInIndex = 0; path = homebrewcalc.app; sourceTree = BUILT_PRODUCTS_DIR; };
		C901A121175EAA7D0080D99D /* UIKit.framework */ = {isa = PBXFileReference; lastKnownFileType = wrapper.framework; name = UIKit.framework; path = System/Library/Frameworks/UIKit.framework; sourceTree = SDKROOT; };
		C901A123175EAA7D0080D99D /* Foundation.framework */ = {isa = PBXFileReference; lastKnownFileType = wrapper.framework; name = Foundation.framework; path = System/Library/Frameworks/Foundation.framework; sourceTree = SDKROOT; };
		C901A125175EAA7D0080D99D /* CoreGraphics.framework */ = {isa = PBXFileReference; lastKnownFileType = wrapper.framework; name = CoreGraphics.framework; path = System/Library/Frameworks/CoreGraphics.framework; sourceTree = SDKROOT; };
		C901A129175EAA7D0080D99D /* homebrewcalc-Info.plist */ = {isa = PBXFileReference; lastKnownFileType = text.plist.xml; path = "homebrewcalc-Info.plist"; sourceTree = "<group>"; };
		C901A12B175EAA7D0080D99D /* en */ = {isa = PBXFileReference; lastKnownFileType = text.plist.strings; name = en; path = en.lproj/InfoPlist.strings; sourceTree = "<group>"; };
		C901A12D175EAA7D0080D99D /* main.m */ = {isa = PBXFileReference; lastKnownFileType = sourcecode.c.objc; path = main.m; sourceTree = "<group>"; };
		C901A12F175EAA7D0080D99D /* homebrewcalc-Prefix.pch */ = {isa = PBXFileReference; lastKnownFileType = sourcecode.c.h; path = "homebrewcalc-Prefix.pch"; sourceTree = "<group>"; };
		C901A130175EAA7D0080D99D /* BVAppDelegate.h */ = {isa = PBXFileReference; lastKnownFileType = sourcecode.c.h; path = BVAppDelegate.h; sourceTree = "<group>"; };
		C901A131175EAA7D0080D99D /* BVAppDelegate.m */ = {isa = PBXFileReference; lastKnownFileType = sourcecode.c.objc; path = BVAppDelegate.m; sourceTree = "<group>"; };
		C901A133175EAA7D0080D99D /* Default.png */ = {isa = PBXFileReference; lastKnownFileType = image.png; path = Default.png; sourceTree = "<group>"; };
		C901A135175EAA7D0080D99D /* Default@2x.png */ = {isa = PBXFileReference; lastKnownFileType = image.png; path = "Default@2x.png"; sourceTree = "<group>"; };
		C901A137175EAA7D0080D99D /* Default-568h@2x.png */ = {isa = PBXFileReference; lastKnownFileType = image.png; path = "Default-568h@2x.png"; sourceTree = "<group>"; };
		C901A13A175EAA7D0080D99D /* en */ = {isa = PBXFileReference; lastKnownFileType = file.storyboard; name = en; path = en.lproj/MainStoryboard.storyboard; sourceTree = "<group>"; };
		C901A13C175EAA7D0080D99D /* BVSpecificGravityController.h */ = {isa = PBXFileReference; lastKnownFileType = sourcecode.c.h; path = BVSpecificGravityController.h; sourceTree = "<group>"; };
		C901A13D175EAA7D0080D99D /* BVSpecificGravityController.m */ = {isa = PBXFileReference; lastKnownFileType = sourcecode.c.objc; path = BVSpecificGravityController.m; sourceTree = "<group>"; };
		C901A13F175EAA7D0080D99D /* first.png */ = {isa = PBXFileReference; lastKnownFileType = image.png; path = first.png; sourceTree = "<group>"; };
		C901A141175EAA7D0080D99D /* first@2x.png */ = {isa = PBXFileReference; lastKnownFileType = image.png; path = "first@2x.png"; sourceTree = "<group>"; };
		C901A143175EAA7D0080D99D /* BVAbvController.h */ = {isa = PBXFileReference; lastKnownFileType = sourcecode.c.h; path = BVAbvController.h; sourceTree = "<group>"; };
		C901A144175EAA7D0080D99D /* BVAbvController.m */ = {isa = PBXFileReference; lastKnownFileType = sourcecode.c.objc; path = BVAbvController.m; sourceTree = "<group>"; };
		C901A146175EAA7D0080D99D /* second.png */ = {isa = PBXFileReference; lastKnownFileType = image.png; path = second.png; sourceTree = "<group>"; };
		C901A148175EAA7D0080D99D /* second@2x.png */ = {isa = PBXFileReference; lastKnownFileType = image.png; path = "second@2x.png"; sourceTree = "<group>"; };
/* End PBXFileReference section */

/* Begin PBXFrameworksBuildPhase section */
		C901A11B175EAA7D0080D99D /* Frameworks */ = {
			isa = PBXFrameworksBuildPhase;
			buildActionMask = 2147483647;
			files = (
				4B56E8F01767F24300FE99A8 /* Social.framework in Frameworks */,
				C901A122175EAA7D0080D99D /* UIKit.framework in Frameworks */,
				C901A124175EAA7D0080D99D /* Foundation.framework in Frameworks */,
				C901A126175EAA7D0080D99D /* CoreGraphics.framework in Frameworks */,
			);
			runOnlyForDeploymentPostprocessing = 0;
		};
/* End PBXFrameworksBuildPhase section */

/* Begin PBXGroup section */
		C901A115175EAA7D0080D99D = {
			isa = PBXGroup;
			children = (
				4B56E8EF1767F24300FE99A8 /* Social.framework */,
				C901A127175EAA7D0080D99D /* homebrewcalc */,
				C901A120175EAA7D0080D99D /* Frameworks */,
				C901A11F175EAA7D0080D99D /* Products */,
			);
			sourceTree = "<group>";
		};
		C901A11F175EAA7D0080D99D /* Products */ = {
			isa = PBXGroup;
			children = (
				C901A11E175EAA7D0080D99D /* homebrewcalc.app */,
			);
			name = Products;
			sourceTree = "<group>";
		};
		C901A120175EAA7D0080D99D /* Frameworks */ = {
			isa = PBXGroup;
			children = (
				C901A121175EAA7D0080D99D /* UIKit.framework */,
				C901A123175EAA7D0080D99D /* Foundation.framework */,
				C901A125175EAA7D0080D99D /* CoreGraphics.framework */,
			);
			name = Frameworks;
			sourceTree = "<group>";
		};
		C901A127175EAA7D0080D99D /* homebrewcalc */ = {
			isa = PBXGroup;
			children = (
				4B56E8E917615C3500FE99A8 /* BVTemperatureTextField.h */,
				4B56E8EA17615C3500FE99A8 /* BVTemperatureTextField.m */,
				C901A130175EAA7D0080D99D /* BVAppDelegate.h */,
				C901A131175EAA7D0080D99D /* BVAppDelegate.m */,
				C901A139175EAA7D0080D99D /* MainStoryboard.storyboard */,
				C901A13C175EAA7D0080D99D /* BVSpecificGravityController.h */,
				C901A13D175EAA7D0080D99D /* BVSpecificGravityController.m */,
				C901A13F175EAA7D0080D99D /* first.png */,
				C901A141175EAA7D0080D99D /* first@2x.png */,
				C901A143175EAA7D0080D99D /* BVAbvController.h */,
				C901A144175EAA7D0080D99D /* BVAbvController.m */,
				C901A146175EAA7D0080D99D /* second.png */,
				C901A148175EAA7D0080D99D /* second@2x.png */,
				C901A128175EAA7D0080D99D /* Supporting Files */,
				4BB9789D17614C6100D1D1E9 /* BVGravityTextField.h */,
				4BB9789E17614C6100D1D1E9 /* BVGravityTextField.m */,
				4B56E8EC1767D9A800FE99A8 /* BVPrimingSugarViewController.h */,
				4B56E8ED1767D9A800FE99A8 /* BVPrimingSugarViewController.m */,
			);
			path = homebrewcalc;
			sourceTree = "<group>";
		};
		C901A128175EAA7D0080D99D /* Supporting Files */ = {
			isa = PBXGroup;
			children = (
				C901A129175EAA7D0080D99D /* homebrewcalc-Info.plist */,
				C901A12A175EAA7D0080D99D /* InfoPlist.strings */,
				C901A12D175EAA7D0080D99D /* main.m */,
				C901A12F175EAA7D0080D99D /* homebrewcalc-Prefix.pch */,
				C901A133175EAA7D0080D99D /* Default.png */,
				C901A135175EAA7D0080D99D /* Default@2x.png */,
				C901A137175EAA7D0080D99D /* Default-568h@2x.png */,
			);
			name = "Supporting Files";
			sourceTree = "<group>";
		};
/* End PBXGroup section */

/* Begin PBXNativeTarget section */
		C901A11D175EAA7D0080D99D /* homebrewcalc */ = {
			isa = PBXNativeTarget;
			buildConfigurationList = C901A14C175EAA7D0080D99D /* Build configuration list for PBXNativeTarget "homebrewcalc" */;
			buildPhases = (
				C901A11A175EAA7D0080D99D /* Sources */,
				C901A11B175EAA7D0080D99D /* Frameworks */,
				C901A11C175EAA7D0080D99D /* Resources */,
			);
			buildRules = (
			);
			dependencies = (
			);
			name = homebrewcalc;
			productName = homebrewcalc;
			productReference = C901A11E175EAA7D0080D99D /* homebrewcalc.app */;
			productType = "com.apple.product-type.application";
		};
/* End PBXNativeTarget section */

/* Begin PBXProject section */
		C901A116175EAA7D0080D99D /* Project object */ = {
			isa = PBXProject;
			attributes = {
				CLASSPREFIX = BV;
				LastUpgradeCheck = 0460;
				ORGANIZATIONNAME = "Brett VanderHaar";
			};
			buildConfigurationList = C901A119175EAA7D0080D99D /* Build configuration list for PBXProject "homebrewcalc" */;
			compatibilityVersion = "Xcode 3.2";
			developmentRegion = English;
			hasScannedForEncodings = 0;
			knownRegions = (
				en,
			);
			mainGroup = C901A115175EAA7D0080D99D;
			productRefGroup = C901A11F175EAA7D0080D99D /* Products */;
			projectDirPath = "";
			projectRoot = "";
			targets = (
				C901A11D175EAA7D0080D99D /* homebrewcalc */,
			);
		};
/* End PBXProject section */

/* Begin PBXResourcesBuildPhase section */
		C901A11C175EAA7D0080D99D /* Resources */ = {
			isa = PBXResourcesBuildPhase;
			buildActionMask = 2147483647;
			files = (
				C901A12C175EAA7D0080D99D /* InfoPlist.strings in Resources */,
				C901A134175EAA7D0080D99D /* Default.png in Resources */,
				C901A136175EAA7D0080D99D /* Default@2x.png in Resources */,
				C901A138175EAA7D0080D99D /* Default-568h@2x.png in Resources */,
				C901A13B175EAA7D0080D99D /* MainStoryboard.storyboard in Resources */,
				C901A140175EAA7D0080D99D /* first.png in Resources */,
				C901A142175EAA7D0080D99D /* first@2x.png in Resources */,
				C901A147175EAA7D0080D99D /* second.png in Resources */,
				C901A149175EAA7D0080D99D /* second@2x.png in Resources */,
			);
			runOnlyForDeploymentPostprocessing = 0;
		};
/* End PBXResourcesBuildPhase section */

/* Begin PBXSourcesBuildPhase section */
		C901A11A175EAA7D0080D99D /* Sources */ = {
			isa = PBXSourcesBuildPhase;
			buildActionMask = 2147483647;
			files = (
				C901A12E175EAA7D0080D99D /* main.m in Sources */,
				C901A132175EAA7D0080D99D /* BVAppDelegate.m in Sources */,
				C901A13E175EAA7D0080D99D /* BVSpecificGravityController.m in Sources */,
				C901A145175EAA7D0080D99D /* BVAbvController.m in Sources */,
				4BB9789F17614C6100D1D1E9 /* BVGravityTextField.m in Sources */,
				4B56E8EB17615C3500FE99A8 /* BVTemperatureTextField.m in Sources */,
				4B56E8EE1767D9A800FE99A8 /* BVPrimingSugarViewController.m in Sources */,
			);
			runOnlyForDeploymentPostprocessing = 0;
		};
/* End PBXSourcesBuildPhase section */

/* Begin PBXVariantGroup section */
		C901A12A175EAA7D0080D99D /* InfoPlist.strings */ = {
			isa = PBXVariantGroup;
			children = (
				C901A12B175EAA7D0080D99D /* en */,
			);
			name = InfoPlist.strings;
			sourceTree = "<group>";
		};
		C901A139175EAA7D0080D99D /* MainStoryboard.storyboard */ = {
			isa = PBXVariantGroup;
			children = (
				C901A13A175EAA7D0080D99D /* en */,
			);
			name = MainStoryboard.storyboard;
			sourceTree = "<group>";
		};
/* End PBXVariantGroup section */

/* Begin XCBuildConfiguration section */
		C901A14A175EAA7D0080D99D /* Debug */ = {
			isa = XCBuildConfiguration;
			buildSettings = {
				ALWAYS_SEARCH_USER_PATHS = NO;
				CLANG_CXX_LANGUAGE_STANDARD = "gnu++0x";
				CLANG_CXX_LIBRARY = "libc++";
				CLANG_ENABLE_OBJC_ARC = YES;
				CLANG_WARN_CONSTANT_CONVERSION = YES;
				CLANG_WARN_EMPTY_BODY = YES;
				CLANG_WARN_ENUM_CONVERSION = YES;
				CLANG_WARN_INT_CONVERSION = YES;
				CLANG_WARN__DUPLICATE_METHOD_MATCH = YES;
				"CODE_SIGN_IDENTITY[sdk=iphoneos*]" = "iPhone Developer";
				COPY_PHASE_STRIP = NO;
				GCC_C_LANGUAGE_STANDARD = gnu99;
				GCC_DYNAMIC_NO_PIC = NO;
				GCC_OPTIMIZATION_LEVEL = 0;
				GCC_PREPROCESSOR_DEFINITIONS = (
					"DEBUG=1",
					"$(inherited)",
				);
				GCC_SYMBOLS_PRIVATE_EXTERN = NO;
				GCC_WARN_ABOUT_RETURN_TYPE = YES;
				GCC_WARN_UNINITIALIZED_AUTOS = YES;
				GCC_WARN_UNUSED_VARIABLE = YES;
				IPHONEOS_DEPLOYMENT_TARGET = 6.1;
				ONLY_ACTIVE_ARCH = YES;
				SDKROOT = iphoneos;
			};
			name = Debug;
		};
		C901A14B175EAA7D0080D99D /* Release */ = {
			isa = XCBuildConfiguration;
			buildSettings = {
				ALWAYS_SEARCH_USER_PATHS = NO;
				CLANG_CXX_LANGUAGE_STANDARD = "gnu++0x";
				CLANG_CXX_LIBRARY = "libc++";
				CLANG_ENABLE_OBJC_ARC = YES;
				CLANG_WARN_CONSTANT_CONVERSION = YES;
				CLANG_WARN_EMPTY_BODY = YES;
				CLANG_WARN_ENUM_CONVERSION = YES;
				CLANG_WARN_INT_CONVERSION = YES;
				CLANG_WARN__DUPLICATE_METHOD_MATCH = YES;
				"CODE_SIGN_IDENTITY[sdk=iphoneos*]" = "iPhone Developer";
				COPY_PHASE_STRIP = YES;
				GCC_C_LANGUAGE_STANDARD = gnu99;
				GCC_WARN_ABOUT_RETURN_TYPE = YES;
				GCC_WARN_UNINITIALIZED_AUTOS = YES;
				GCC_WARN_UNUSED_VARIABLE = YES;
				IPHONEOS_DEPLOYMENT_TARGET = 6.1;
				OTHER_CFLAGS = "-DNS_BLOCK_ASSERTIONS=1";
				SDKROOT = iphoneos;
				VALIDATE_PRODUCT = YES;
			};
			name = Release;
		};
		C901A14D175EAA7D0080D99D /* Debug */ = {
			isa = XCBuildConfiguration;
			buildSettings = {
				GCC_PRECOMPILE_PREFIX_HEADER = YES;
				GCC_PREFIX_HEADER = "homebrewcalc/homebrewcalc-Prefix.pch";
				INFOPLIST_FILE = "homebrewcalc/homebrewcalc-Info.plist";
				PRODUCT_NAME = "$(TARGET_NAME)";
				WRAPPER_EXTENSION = app;
			};
			name = Debug;
		};
		C901A14E175EAA7D0080D99D /* Release */ = {
			isa = XCBuildConfiguration;
			buildSettings = {
				GCC_PRECOMPILE_PREFIX_HEADER = YES;
				GCC_PREFIX_HEADER = "homebrewcalc/homebrewcalc-Prefix.pch";
				INFOPLIST_FILE = "homebrewcalc/homebrewcalc-Info.plist";
				PRODUCT_NAME = "$(TARGET_NAME)";
				WRAPPER_EXTENSION = app;
			};
			name = Release;
		};
/* End XCBuildConfiguration section */

/* Begin XCConfigurationList section */
		C901A119175EAA7D0080D99D /* Build configuration list for PBXProject "homebrewcalc" */ = {
			isa = XCConfigurationList;
			buildConfigurations = (
				C901A14A175EAA7D0080D99D /* Debug */,
				C901A14B175EAA7D0080D99D /* Release */,
			);
			defaultConfigurationIsVisible = 0;
			defaultConfigurationName = Release;
		};
		C901A14C175EAA7D0080D99D /* Build configuration list for PBXNativeTarget "homebrewcalc" */ = {
			isa = XCConfigurationList;
			buildConfigurations = (
				C901A14D175EAA7D0080D99D /* Debug */,
				C901A14E175EAA7D0080D99D /* Release */,
			);
			defaultConfigurationIsVisible = 0;
			defaultConfigurationName = Release;
		};
/* End XCConfigurationList section */
	};
	rootObject = C901A116175EAA7D0080D99D /* Project object */;
}
